// !$*UTF8*$!
{
	archiveVersion = 1;
	classes = {
	};
	objectVersion = 48;
	objects = {

/* Begin PBXBuildFile section */
		D33A73DF1F9FD60400627CBC /* AppDelegate.m in Sources */ = {isa = PBXBuildFile; fileRef = D33A73DE1F9FD60400627CBC /* AppDelegate.m */; };
		D33A73E21F9FD60400627CBC /* ViewController.m in Sources */ = {isa = PBXBuildFile; fileRef = D33A73E11F9FD60400627CBC /* ViewController.m */; };
		D33A73E51F9FD60400627CBC /* Main.storyboard in Resources */ = {isa = PBXBuildFile; fileRef = D33A73E31F9FD60400627CBC /* Main.storyboard */; };
		D33A73E71F9FD60400627CBC /* Assets.xcassets in Resources */ = {isa = PBXBuildFile; fileRef = D33A73E61F9FD60400627CBC /* Assets.xcassets */; };
		D33A73EA1F9FD60400627CBC /* LaunchScreen.storyboard in Resources */ = {isa = PBXBuildFile; fileRef = D33A73E81F9FD60400627CBC /* LaunchScreen.storyboard */; };
		D33A73ED1F9FD60400627CBC /* main.m in Sources */ = {isa = PBXBuildFile; fileRef = D33A73EC1F9FD60400627CBC /* main.m */; };
/* End PBXBuildFile section */

/* Begin PBXFileReference section */
		D33A73DA1F9FD60400627CBC /* ParallaxMenu.app */ = {isa = PBXFileReference; explicitFileType = wrapper.application; includeInIndex = 0; path = ParallaxMenu.app; sourceTree = BUILT_PRODUCTS_DIR; };
		D33A73DD1F9FD60400627CBC /* AppDelegate.h */ = {isa = PBXFileReference; lastKnownFileType = sourcecode.c.h; path = AppDelegate.h; sourceTree = "<group>"; };
		D33A73DE1F9FD60400627CBC /* AppDelegate.m */ = {isa = PBXFileReference; lastKnownFileType = sourcecode.c.objc; path = AppDelegate.m; sourceTree = "<group>"; };
		D33A73E01F9FD60400627CBC /* ViewController.h */ = {isa = PBXFileReference; lastKnownFileType = sourcecode.c.h; path = ViewController.h; sourceTree = "<group>"; };
		D33A73E11F9FD60400627CBC /* ViewController.m */ = {isa = PBXFileReference; lastKnownFileType = sourcecode.c.objc; path = ViewController.m; sourceTree = "<group>"; };
		D33A73E41F9FD60400627CBC /* Base */ = {isa = PBXFileReference; lastKnownFileType = file.storyboard; name = Base; path = Base.lproj/Main.storyboard; sourceTree = "<group>"; };
		D33A73E61F9FD60400627CBC /* Assets.xcassets */ = {isa = PBXFileReference; lastKnownFileType = folder.assetcatalog; path = Assets.xcassets; sourceTree = "<group>"; };
		D33A73E91F9FD60400627CBC /* Base */ = {isa = PBXFileReference; lastKnownFileType = file.storyboard; name = Base; path = Base.lproj/LaunchScreen.storyboard; sourceTree = "<group>"; };
		D33A73EB1F9FD60400627CBC /* Info.plist */ = {isa = PBXFileReference; lastKnownFileType = text.plist.xml; path = Info.plist; sourceTree = "<group>"; };
		D33A73EC1F9FD60400627CBC /* main.m */ = {isa = PBXFileReference; lastKnownFileType = sourcecode.c.objc; path = main.m; sourceTree = "<group>"; };
/* End PBXFileReference section */

/* Begin PBXFrameworksBuildPhase section */
		D33A73D71F9FD60400627CBC /* Frameworks */ = {
			isa = PBXFrameworksBuildPhase;
			buildActionMask = 2147483647;
			files = (
			);
			runOnlyForDeploymentPostprocessing = 0;
		};
/* End PBXFrameworksBuildPhase section */

/* Begin PBXGroup section */
		D33A73D11F9FD60400627CBC = {
			isa = PBXGroup;
			children = (
				D33A73DC1F9FD60400627CBC /* ParallaxMenu */,
				D33A73DB1F9FD60400627CBC /* Products */,
			);
			sourceTree = "<group>";
		};
		D33A73DB1F9FD60400627CBC /* Products */ = {
			isa = PBXGroup;
			children = (
				D33A73DA1F9FD60400627CBC /* ParallaxMenu.app */,
			);
			name = Products;
			sourceTree = "<group>";
		};
		D33A73DC1F9FD60400627CBC /* ParallaxMenu */ = {
			isa = PBXGroup;
			children = (
				D33A73DD1F9FD60400627CBC /* AppDelegate.h */,
				D33A73DE1F9FD60400627CBC /* AppDelegate.m */,
				D33A73E01F9FD60400627CBC /* ViewController.h */,
				D33A73E11F9FD60400627CBC /* ViewController.m */,
				D33A73E31F9FD60400627CBC /* Main.storyboard */,
				D33A73E61F9FD60400627CBC /* Assets.xcassets */,
				D33A73E81F9FD60400627CBC /* LaunchScreen.storyboard */,
				D33A73EB1F9FD60400627CBC /* Info.plist */,
				D33A73EC1F9FD60400627CBC /* main.m */,
			);
			path = ParallaxMenu;
			sourceTree = "<group>";
		};
/* End PBXGroup section */

/* Begin PBXNativeTarget section */
		D33A73D91F9FD60400627CBC /* ParallaxMenu */ = {
			isa = PBXNativeTarget;
			buildConfigurationList = D33A73F01F9FD60400627CBC /* Build configuration list for PBXNativeTarget "ParallaxMenu" */;
			buildPhases = (
				D33A73D61F9FD60400627CBC /* Sources */,
				D33A73D71F9FD60400627CBC /* Frameworks */,
				D33A73D81F9FD60400627CBC /* Resources */,
			);
			buildRules = (
			);
			dependencies = (
			);
			name = ParallaxMenu;
			productName = ParallaxMenu;
			productReference = D33A73DA1F9FD60400627CBC /* ParallaxMenu.app */;
			productType = "com.apple.product-type.application";
		};
/* End PBXNativeTarget section */

/* Begin PBXProject section */
		D33A73D21F9FD60400627CBC /* Project object */ = {
			isa = PBXProject;
			attributes = {
				LastUpgradeCheck = 0900;
				ORGANIZATIONNAME = "Exozet Berlin GmbH";
				TargetAttributes = {
					D33A73D91F9FD60400627CBC = {
						CreatedOnToolsVersion = 9.0;
						ProvisioningStyle = Automatic;
					};
				};
			};
			buildConfigurationList = D33A73D51F9FD60400627CBC /* Build configuration list for PBXProject "ParallaxMenu" */;
			compatibilityVersion = "Xcode 8.0";
			developmentRegion = en;
			hasScannedForEncodings = 0;
			knownRegions = (
				en,
				Base,
			);
			mainGroup = D33A73D11F9FD60400627CBC;
			productRefGroup = D33A73DB1F9FD60400627CBC /* Products */;
			projectDirPath = "";
			projectRoot = "";
			targets = (
				D33A73D91F9FD60400627CBC /* ParallaxMenu */,
			);
		};
/* End PBXProject section */

/* Begin PBXResourcesBuildPhase section */
		D33A73D81F9FD60400627CBC /* Resources */ = {
			isa = PBXResourcesBuildPhase;
			buildActionMask = 2147483647;
			files = (
				D33A73EA1F9FD60400627CBC /* LaunchScreen.storyboard in Resources */,
				D33A73E71F9FD60400627CBC /* Assets.xcassets in Resources */,
				D33A73E51F9FD60400627CBC /* Main.storyboard in Resources */,
			);
			runOnlyForDeploymentPostprocessing = 0;
		};
/* End PBXResourcesBuildPhase section */

/* Begin PBXSourcesBuildPhase section */
		D33A73D61F9FD60400627CBC /* Sources */ = {
			isa = PBXSourcesBuildPhase;
			buildActionMask = 2147483647;
			files = (
				D33A73E21F9FD60400627CBC /* ViewController.m in Sources */,
				D33A73ED1F9FD60400627CBC /* main.m in Sources */,
				D33A73DF1F9FD60400627CBC /* AppDelegate.m in Sources */,
			);
			runOnlyForDeploymentPostprocessing = 0;
		};
/* End PBXSourcesBuildPhase section */

/* Begin PBXVariantGroup section */
		D33A73E31F9FD60400627CBC /* Main.storyboard */ = {
			isa = PBXVariantGroup;
			children = (
				D33A73E41F9FD60400627CBC /* Base */,
			);
			name = Main.storyboard;
			sourceTree = "<group>";
		};
		D33A73E81F9FD60400627CBC /* LaunchScreen.storyboard */ = {
			isa = PBXVariantGroup;
			children = (
				D33A73E91F9FD60400627CBC /* Base */,
			);
			name = LaunchScreen.storyboard;
			sourceTree = "<group>";
		};
/* End PBXVariantGroup section */

/* Begin XCBuildConfiguration section */
		D33A73EE1F9FD60400627CBC /* Debug */ = {
			isa = XCBuildConfiguration;
			buildSettings = {
				ALWAYS_SEARCH_USER_PATHS = NO;
				CLANG_ANALYZER_NONNULL = YES;
				CLANG_ANALYZER_NUMBER_OBJECT_CONVERSION = YES_AGGRESSIVE;
				CLANG_CXX_LANGUAGE_STANDARD = "gnu++14";
				CLANG_CXX_LIBRARY = "libc++";
				CLANG_ENABLE_MODULES = YES;
				CLANG_ENABLE_OBJC_ARC = YES;
				CLANG_WARN_BLOCK_CAPTURE_AUTORELEASING = YES;
				CLANG_WARN_BOOL_CONVERSION = YES;
				CLANG_WARN_COMMA = YES;
				CLANG_WARN_CONSTANT_CONVERSION = YES;
				CLANG_WARN_DIRECT_OBJC_ISA_USAGE = YES_ERROR;
				CLANG_WARN_DOCUMENTATION_COMMENTS = YES;
				CLANG_WARN_EMPTY_BODY = YES;
				CLANG_WARN_ENUM_CONVERSION = YES;
				CLANG_WARN_INFINITE_RECURSION = YES;
				CLANG_WARN_INT_CONVERSION = YES;
				CLANG_WARN_NON_LITERAL_NULL_CONVERSION = YES;
				CLANG_WARN_OBJC_LITERAL_CONVERSION = YES;
				CLANG_WARN_OBJC_ROOT_CLASS = YES_ERROR;
				CLANG_WARN_RANGE_LOOP_ANALYSIS = YES;
				CLANG_WARN_STRICT_PROTOTYPES = YES;
				CLANG_WARN_SUSPICIOUS_MOVE = YES;
				CLANG_WARN_UNGUARDED_AVAILABILITY = YES_AGGRESSIVE;
				CLANG_WARN_UNREACHABLE_CODE = YES;
				CLANG_WARN__DUPLICATE_METHOD_MATCH = YES;
				CODE_SIGN_IDENTITY = "iPhone Developer";
				COPY_PHASE_STRIP = NO;
				DEBUG_INFORMATION_FORMAT = dwarf;
				ENABLE_STRICT_OBJC_MSGSEND = YES;
				ENABLE_TESTABILITY = YES;
				GCC_C_LANGUAGE_STANDARD = gnu11;
				GCC_DYNAMIC_NO_PIC = NO;
				GCC_NO_COMMON_BLOCKS = YES;
				GCC_OPTIMIZATION_LEVEL = 0;
				GCC_PREPROCESSOR_DEFINITIONS = (
					"DEBUG=1",
					"$(inherited)",
				);
				GCC_WARN_64_TO_32_BIT_CONVERSION = YES;
				GCC_WARN_ABOUT_RETURN_TYPE = YES_ERROR;
				GCC_WARN_UNDECLARED_SELECTOR = YES;
				GCC_WARN_UNINITIALIZED_AUTOS = YES_AGGRESSIVE;
				GCC_WARN_UNUSED_FUNCTION = YES;
				GCC_WARN_UNUSED_VARIABLE = YES;
				IPHONEOS_DEPLOYMENT_TARGET = 11.0;
				MTL_ENABLE_DEBUG_INFO = YES;
				ONLY_ACTIVE_ARCH = YES;
				SDKROOT = iphoneos;
			};
			name = Debug;
		};
		D33A73EF1F9FD60400627CBC /* Release */ = {
			isa = XCBuildConfiguration;
			buildSettings = {
				ALWAYS_SEARCH_USER_PATHS = NO;
				CLANG_ANALYZER_NONNULL = YES;
				CLANG_ANALYZER_NUMBER_OBJECT_CONVERSION = YES_AGGRESSIVE;
				CLANG_CXX_LANGUAGE_STANDARD = "gnu++14";
				CLANG_CXX_LIBRARY = "libc++";
				CLANG_ENABLE_MODULES = YES;
				CLANG_ENABLE_OBJC_ARC = YES;
				CLANG_WARN_BLOCK_CAPTURE_AUTORELEASING = YES;
				CLANG_WARN_BOOL_CONVERSION = YES;
				CLANG_WARN_COMMA = YES;
				CLANG_WARN_CONSTANT_CONVERSION = YES;
				CLANG_WARN_DIRECT_OBJC_ISA_USAGE = YES_ERROR;
				CLANG_WARN_DOCUMENTATION_COMMENTS = YES;
				CLANG_WARN_EMPTY_BODY = YES;
				CLANG_WARN_ENUM_CONVERSION = YES;
				CLANG_WARN_INFINITE_RECURSION = YES;
				CLANG_WARN_INT_CONVERSION = YES;
				CLANG_WARN_NON_LITERAL_NULL_CONVERSION = YES;
				CLANG_WARN_OBJC_LITERAL_CONVERSION = YES;
				CLANG_WARN_OBJC_ROOT_CLASS = YES_ERROR;
				CLANG_WARN_RANGE_LOOP_ANALYSIS = YES;
				CLANG_WARN_STRICT_PROTOTYPES = YES;
				CLANG_WARN_SUSPICIOUS_MOVE = YES;
				CLANG_WARN_UNGUARDED_AVAILABILITY = YES_AGGRESSIVE;
				CLANG_WARN_UNREACHABLE_CODE = YES;
				CLANG_WARN__DUPLICATE_METHOD_MATCH = YES;
				CODE_SIGN_IDENTITY = "iPhone Developer";
				COPY_PHASE_STRIP = NO;
				DEBUG_INFORMATION_FORMAT = "dwarf-with-dsym";
				ENABLE_NS_ASSERTIONS = NO;
				ENABLE_STRICT_OBJC_MSGSEND = YES;
				GCC_C_LANGUAGE_STANDARD = gnu11;
				GCC_NO_COMMON_BLOCKS = YES;
				GCC_WARN_64_TO_32_BIT_CONVERSION = YES;
				GCC_WARN_ABOUT_RETURN_TYPE = YES_ERROR;
				GCC_WARN_UNDECLARED_SELECTOR = YES;
				GCC_WARN_UNINITIALIZED_AUTOS = YES_AGGRESSIVE;
				GCC_WARN_UNUSED_FUNCTION = YES;
				GCC_WARN_UNUSED_VARIABLE = YES;
				IPHONEOS_DEPLOYMENT_TARGET = 11.0;
				MTL_ENABLE_DEBUG_INFO = NO;
				SDKROOT = iphoneos;
				VALIDATE_PRODUCT = YES;
			};
			name = Release;
		};
		D33A73F11F9FD60400627CBC /* Debug */ = {
			isa = XCBuildConfiguration;
			buildSettings = {
				ASSETCATALOG_COMPILER_APPICON_NAME = AppIcon;
				CODE_SIGN_STYLE = Automatic;
				INFOPLIST_FILE = ParallaxMenu/Info.plist;
				LD_RUNPATH_SEARCH_PATHS = "$(inherited) @executable_path/Frameworks";
				PRODUCT_BUNDLE_IDENTIFIER = XOZ.ParallaxMenu;
				PRODUCT_NAME = "$(TARGET_NAME)";
				TARGETED_DEVICE_FAMILY = "1,2";
			};
			name = Debug;
		};
		D33A73F21F9FD60400627CBC /* Release */ = {
			isa = XCBuildConfiguration;
			buildSettings = {
				ASSETCATALOG_COMPILER_APPICON_NAME = AppIcon;
				CODE_SIGN_STYLE = Automatic;
				INFOPLIST_FILE = ParallaxMenu/Info.plist;
				LD_RUNPATH_SEARCH_PATHS = "$(inherited) @executable_path/Frameworks";
				PRODUCT_BUNDLE_IDENTIFIER = XOZ.ParallaxMenu;
				PRODUCT_NAME = "$(TARGET_NAME)";
				TARGETED_DEVICE_FAMILY = "1,2";
			};
			name = Release;
		};
/* End XCBuildConfiguration section */

/* Begin XCConfigurationList section */
		D33A73D51F9FD60400627CBC /* Build configuration list for PBXProject "ParallaxMenu" */ = {
			isa = XCConfigurationList;
			buildConfigurations = (
				D33A73EE1F9FD60400627CBC /* Debug */,
				D33A73EF1F9FD60400627CBC /* Release */,
			);
			defaultConfigurationIsVisible = 0;
			defaultConfigurationName = Release;
		};
		D33A73F01F9FD60400627CBC /* Build configuration list for PBXNativeTarget "ParallaxMenu" */ = {
			isa = XCConfigurationList;
			buildConfigurations = (
				D33A73F11F9FD60400627CBC /* Debug */,
				D33A73F21F9FD60400627CBC /* Release */,
			);
			defaultConfigurationIsVisible = 0;
			defaultConfigurationName = Release;
		};
/* End XCConfigurationList section */
	};
	rootObject = D33A73D21F9FD60400627CBC /* Project object */;
}
